// !$*UTF8*$!
{
	archiveVersion = 1;
	classes = {
	};
	objectVersion = 77;
	objects = {

/* Begin PBXBuildFile section */
		0031D6502FEDD95C00508292 /* AppDelegate.swift in Sources */ = {isa = PBXBuildFile; fileRef = 0031D64F2FEDD95C00508292 /* AppDelegate.swift */; };
		0031D6542FEDD95C00508292 /* Main.html in Resources */ = {isa = PBXBuildFile; fileRef = 0031D6522FEDD95C00508292 /* Main.html */; };
		0031D6562FEDD95C00508292 /* Icon.png in Resources */ = {isa = PBXBuildFile; fileRef = 0031D6552FEDD95C00508292 /* Icon.png */; };
		0031D6582FEDD95C00508292 /* Style.css in Resources */ = {isa = PBXBuildFile; fileRef = 0031D6572FEDD95C00508292 /* Style.css */; };
		0031D65A2FEDD95C00508292 /* Script.js in Resources */ = {isa = PBXBuildFile; fileRef = 0031D6592FEDD95C00508292 /* Script.js */; };
		0031D65C2FEDD95C00508292 /* ViewController.swift in Sources */ = {isa = PBXBuildFile; fileRef = 0031D65B2FEDD95C00508292 /* ViewController.swift */; };
		0031D65F2FEDD95C00508292 /* Main.storyboard in Resources */ = {isa = PBXBuildFile; fileRef = 0031D65D2FEDD95C00508292 /* Main.storyboard */; };
		0031D6612FEDD95D00508292 /* Assets.xcassets in Resources */ = {isa = PBXBuildFile; fileRef = 0031D6602FEDD95D00508292 /* Assets.xcassets */; };
		0031D6682FEDD95D00508292 /* Stash Extension.appex in Embed Foundation Extensions */ = {isa = PBXBuildFile; fileRef = 0031D6672FEDD95D00508292 /* Stash Extension.appex */; settings = {ATTRIBUTES = (RemoveHeadersOnCopy, ); }; };
		0031D66D2FEDD95D00508292 /* SafariWebExtensionHandler.swift in Sources */ = {isa = PBXBuildFile; fileRef = 0031D66C2FEDD95D00508292 /* SafariWebExtensionHandler.swift */; };
		0031D67D2FEDD95D00508292 /* background.js in Resources */ = {isa = PBXBuildFile; fileRef = 0031D6792FEDD95D00508292 /* background.js */; };
		0031D67E2FEDD95D00508292 /* make-icons.py in Resources */ = {isa = PBXBuildFile; fileRef = 0031D67A2FEDD95D00508292 /* make-icons.py */; };
		0031D67F2FEDD95D00508292 /* icons in Resources */ = {isa = PBXBuildFile; fileRef = 0031D67B2FEDD95D00508292 /* icons */; };
		0031D6802FEDD95D00508292 /* manifest.json in Resources */ = {isa = PBXBuildFile; fileRef = 0031D67C2FEDD95D00508292 /* manifest.json */; };
/* End PBXBuildFile section */

/* Begin PBXContainerItemProxy section */
		0031D6692FEDD95D00508292 /* PBXContainerItemProxy */ = {
			isa = PBXContainerItemProxy;
			containerPortal = 0031D6442FEDD95C00508292 /* Project object */;
			proxyType = 1;
			remoteGlobalIDString = 0031D6662FEDD95D00508292;
			remoteInfo = "Stash Extension";
		};
/* End PBXContainerItemProxy section */

/* Begin PBXCopyFilesBuildPhase section */
		0031D6742FEDD95D00508292 /* Embed Foundation Extensions */ = {
			isa = PBXCopyFilesBuildPhase;
			buildActionMask = 2147483647;
			dstPath = "";
			dstSubfolderSpec = 13;
			files = (
				0031D6682FEDD95D00508292 /* Stash Extension.appex in Embed Foundation Extensions */,
			);
			name = "Embed Foundation Extensions";
			runOnlyForDeploymentPostprocessing = 0;
		};
/* End PBXCopyFilesBuildPhase section */

/* Begin PBXFileReference section */
		0031D64C2FEDD95C00508292 /* Stash.app */ = {isa = PBXFileReference; explicitFileType = wrapper.application; includeInIndex = 0; path = Stash.app; sourceTree = BUILT_PRODUCTS_DIR; };
		0031D64F2FEDD95C00508292 /* AppDelegate.swift */ = {isa = PBXFileReference; lastKnownFileType = sourcecode.swift; path = AppDelegate.swift; sourceTree = "<group>"; };
		0031D6532FEDD95C00508292 /* Base */ = {isa = PBXFileReference; lastKnownFileType = text.html; name = Base; path = Base.lproj/Main.html; sourceTree = "<group>"; };
		0031D6552FEDD95C00508292 /* Icon.png */ = {isa = PBXFileReference; lastKnownFileType = image.png; path = Icon.png; sourceTree = "<group>"; };
		0031D6572FEDD95C00508292 /* Style.css */ = {isa = PBXFileReference; lastKnownFileType = text.css; path = Style.css; sourceTree = "<group>"; };
		0031D6592FEDD95C00508292 /* Script.js */ = {isa = PBXFileReference; lastKnownFileType = sourcecode.javascript; path = Script.js; sourceTree = "<group>"; };
		0031D65B2FEDD95C00508292 /* ViewController.swift */ = {isa = PBXFileReference; lastKnownFileType = sourcecode.swift; path = ViewController.swift; sourceTree = "<group>"; };
		0031D65E2FEDD95C00508292 /* Base */ = {isa = PBXFileReference; lastKnownFileType = file.storyboard; name = Base; path = Base.lproj/Main.storyboard; sourceTree = "<group>"; };
		0031D6602FEDD95D00508292 /* Assets.xcassets */ = {isa = PBXFileReference; lastKnownFileType = folder.assetcatalog; path = Assets.xcassets; sourceTree = "<group>"; };
		0031D6622FEDD95D00508292 /* Info.plist */ = {isa = PBXFileReference; lastKnownFileType = text.plist.xml; path = Info.plist; sourceTree = "<group>"; };
		0031D6672FEDD95D00508292 /* Stash Extension.appex */ = {isa = PBXFileReference; explicitFileType = "wrapper.app-extension"; includeInIndex = 0; path = "Stash Extension.appex"; sourceTree = BUILT_PRODUCTS_DIR; };
		0031D66C2FEDD95D00508292 /* SafariWebExtensionHandler.swift */ = {isa = PBXFileReference; lastKnownFileType = sourcecode.swift; path = SafariWebExtensionHandler.swift; sourceTree = "<group>"; };
		0031D66E2FEDD95D00508292 /* Info.plist */ = {isa = PBXFileReference; lastKnownFileType = text.plist.xml; path = Info.plist; sourceTree = "<group>"; };
		0031D6792FEDD95D00508292 /* background.js */ = {isa = PBXFileReference; lastKnownFileType = sourcecode.javascript; name = background.js; path = Resources/background.js; sourceTree = "<group>"; };
		0031D67A2FEDD95D00508292 /* make-icons.py */ = {isa = PBXFileReference; lastKnownFileType = text.script.python; name = "make-icons.py"; path = "Resources/make-icons.py"; sourceTree = "<group>"; };
		0031D67B2FEDD95D00508292 /* icons */ = {isa = PBXFileReference; lastKnownFileType = folder; name = icons; path = Resources/icons; sourceTree = "<group>"; };
		0031D67C2FEDD95D00508292 /* manifest.json */ = {isa = PBXFileReference; lastKnownFileType = text.json; name = manifest.json; path = Resources/manifest.json; sourceTree = "<group>"; };
/* End PBXFileReference section */

/* Begin PBXFrameworksBuildPhase section */
		0031D6492FEDD95C00508292 /* Frameworks */ = {
			isa = PBXFrameworksBuildPhase;
			buildActionMask = 2147483647;
			files = (
			);
			runOnlyForDeploymentPostprocessing = 0;
		};
		0031D6642FEDD95D00508292 /* Frameworks */ = {
			isa = PBXFrameworksBuildPhase;
			buildActionMask = 2147483647;
			files = (
			);
			runOnlyForDeploymentPostprocessing = 0;
		};
/* End PBXFrameworksBuildPhase section */

/* Begin PBXGroup section */
		0031D6432FEDD95C00508292 = {
			isa = PBXGroup;
			children = (
				0031D64E2FEDD95C00508292 /* Stash */,
				0031D66B2FEDD95D00508292 /* Stash Extension */,
				0031D64D2FEDD95C00508292 /* Products */,
			);
			sourceTree = "<group>";
		};
		0031D64D2FEDD95C00508292 /* Products */ = {
			isa = PBXGroup;
			children = (
				0031D64C2FEDD95C00508292 /* Stash.app */,
				0031D6672FEDD95D00508292 /* Stash Extension.appex */,
			);
			name = Products;
			sourceTree = "<group>";
		};
		0031D64E2FEDD95C00508292 /* Stash */ = {
			isa = PBXGroup;
			children = (
				0031D64F2FEDD95C00508292 /* AppDelegate.swift */,
				0031D65B2FEDD95C00508292 /* ViewController.swift */,
				0031D65D2FEDD95C00508292 /* Main.storyboard */,
				0031D6602FEDD95D00508292 /* Assets.xcassets */,
				0031D6622FEDD95D00508292 /* Info.plist */,
				0031D6512FEDD95C00508292 /* Resources */,
			);
			path = Stash;
			sourceTree = "<group>";
		};
		0031D6512FEDD95C00508292 /* Resources */ = {
			isa = PBXGroup;
			children = (
				0031D6522FEDD95C00508292 /* Main.html */,
				0031D6552FEDD95C00508292 /* Icon.png */,
				0031D6572FEDD95C00508292 /* Style.css */,
				0031D6592FEDD95C00508292 /* Script.js */,
			);
			path = Resources;
			sourceTree = "<group>";
		};
		0031D66B2FEDD95D00508292 /* Stash Extension */ = {
			isa = PBXGroup;
			children = (
				0031D6782FEDD95D00508292 /* Resources */,
				0031D66C2FEDD95D00508292 /* SafariWebExtensionHandler.swift */,
				0031D66E2FEDD95D00508292 /* Info.plist */,
			);
			path = "Stash Extension";
			sourceTree = "<group>";
		};
		0031D6782FEDD95D00508292 /* Resources */ = {
			isa = PBXGroup;
			children = (
				0031D6792FEDD95D00508292 /* background.js */,
				0031D67A2FEDD95D00508292 /* make-icons.py */,
				0031D67B2FEDD95D00508292 /* icons */,
				0031D67C2FEDD95D00508292 /* manifest.json */,
			);
			name = Resources;
			path = "Stash Extension";
			sourceTree = SOURCE_ROOT;
		};
/* End PBXGroup section */

/* Begin PBXNativeTarget section */
		0031D64B2FEDD95C00508292 /* Stash */ = {
			isa = PBXNativeTarget;
			buildConfigurationList = 0031D6752FEDD95D00508292 /* Build configuration list for PBXNativeTarget "Stash" */;
			buildPhases = (
				0031D6482FEDD95C00508292 /* Sources */,
				0031D6492FEDD95C00508292 /* Frameworks */,
				0031D64A2FEDD95C00508292 /* Resources */,
				0031D6742FEDD95D00508292 /* Embed Foundation Extensions */,
			);
			buildRules = (
			);
			dependencies = (
				0031D66A2FEDD95D00508292 /* PBXTargetDependency */,
			);
			name = Stash;
			packageProductDependencies = (
			);
			productName = Stash;
			productReference = 0031D64C2FEDD95C00508292 /* Stash.app */;
			productType = "com.apple.product-type.application";
		};
		0031D6662FEDD95D00508292 /* Stash Extension */ = {
			isa = PBXNativeTarget;
			buildConfigurationList = 0031D6712FEDD95D00508292 /* Build configuration list for PBXNativeTarget "Stash Extension" */;
			buildPhases = (
				0031D6632FEDD95D00508292 /* Sources */,
				0031D6642FEDD95D00508292 /* Frameworks */,
				0031D6652FEDD95D00508292 /* Resources */,
			);
			buildRules = (
			);
			dependencies = (
			);
			name = "Stash Extension";
			packageProductDependencies = (
			);
			productName = "Stash Extension";
			productReference = 0031D6672FEDD95D00508292 /* Stash Extension.appex */;
			productType = "com.apple.product-type.app-extension";
		};
/* End PBXNativeTarget section */

/* Begin PBXProject section */
		0031D6442FEDD95C00508292 /* Project object */ = {
			isa = PBXProject;
			attributes = {
				BuildIndependentTargetsInParallel = 1;
				LastSwiftUpdateCheck = 2620;
				LastUpgradeCheck = 2620;
				TargetAttributes = {
					0031D64B2FEDD95C00508292 = {
						CreatedOnToolsVersion = 26.2;
					};
					0031D6662FEDD95D00508292 = {
						CreatedOnToolsVersion = 26.2;
					};
				};
			};
			buildConfigurationList = 0031D6472FEDD95C00508292 /* Build configuration list for PBXProject "Stash" */;
			developmentRegion = en;
			hasScannedForEncodings = 0;
			knownRegions = (
				en,
				Base,
			);
			mainGroup = 0031D6432FEDD95C00508292;
			minimizedProjectReferenceProxies = 1;
			preferredProjectObjectVersion = 77;
			productRefGroup = 0031D64D2FEDD95C00508292 /* Products */;
			projectDirPath = "";
			projectRoot = "";
			targets = (
				0031D64B2FEDD95C00508292 /* Stash */,
				0031D6662FEDD95D00508292 /* Stash Extension */,
			);
		};
/* End PBXProject section */

/* Begin PBXResourcesBuildPhase section */
		0031D64A2FEDD95C00508292 /* Resources */ = {
			isa = PBXResourcesBuildPhase;
			buildActionMask = 2147483647;
			files = (
				0031D6562FEDD95C00508292 /* Icon.png in Resources */,
				0031D65F2FEDD95C00508292 /* Main.storyboard in Resources */,
				0031D65A2FEDD95C00508292 /* Script.js in Resources */,
				0031D6542FEDD95C00508292 /* Main.html in Resources */,
				0031D6612FEDD95D00508292 /* Assets.xcassets in Resources */,
				0031D6582FEDD95C00508292 /* Style.css in Resources */,
			);
			runOnlyForDeploymentPostprocessing = 0;
		};
		0031D6652FEDD95D00508292 /* Resources */ = {
			isa = PBXResourcesBuildPhase;
			buildActionMask = 2147483647;
			files = (
				0031D6802FEDD95D00508292 /* manifest.json in Resources */,
				0031D67F2FEDD95D00508292 /* icons in Resources */,
				0031D67D2FEDD95D00508292 /* background.js in Resources */,
				0031D67E2FEDD95D00508292 /* make-icons.py in Resources */,
			);
			runOnlyForDeploymentPostprocessing = 0;
		};
/* End PBXResourcesBuildPhase section */

/* Begin PBXSourcesBuildPhase section */
		0031D6482FEDD95C00508292 /* Sources */ = {
			isa = PBXSourcesBuildPhase;
			buildActionMask = 2147483647;
			files = (
				0031D65C2FEDD95C00508292 /* ViewController.swift in Sources */,
				0031D6502FEDD95C00508292 /* AppDelegate.swift in Sources */,
			);
			runOnlyForDeploymentPostprocessing = 0;
		};
		0031D6632FEDD95D00508292 /* Sources */ = {
			isa = PBXSourcesBuildPhase;
			buildActionMask = 2147483647;
			files = (
				0031D66D2FEDD95D00508292 /* SafariWebExtensionHandler.swift in Sources */,
			);
			runOnlyForDeploymentPostprocessing = 0;
		};
/* End PBXSourcesBuildPhase section */

/* Begin PBXTargetDependency section */
		0031D66A2FEDD95D00508292 /* PBXTargetDependency */ = {
			isa = PBXTargetDependency;
			target = 0031D6662FEDD95D00508292 /* Stash Extension */;
			targetProxy = 0031D6692FEDD95D00508292 /* PBXContainerItemProxy */;
		};
/* End PBXTargetDependency section */

/* Begin PBXVariantGroup section */
		0031D6522FEDD95C00508292 /* Main.html */ = {
			isa = PBXVariantGroup;
			children = (
				0031D6532FEDD95C00508292 /* Base */,
			);
			name = Main.html;
			sourceTree = "<group>";
		};
		0031D65D2FEDD95C00508292 /* Main.storyboard */ = {
			isa = PBXVariantGroup;
			children = (
				0031D65E2FEDD95C00508292 /* Base */,
			);
			name = Main.storyboard;
			sourceTree = "<group>";
		};
/* End PBXVariantGroup section */

/* Begin XCBuildConfiguration section */
		0031D66F2FEDD95D00508292 /* Debug */ = {
			isa = XCBuildConfiguration;
			buildSettings = {
				ALWAYS_SEARCH_USER_PATHS = NO;
				ASSETCATALOG_COMPILER_GENERATE_SWIFT_ASSET_SYMBOL_EXTENSIONS = YES;
				CLANG_ANALYZER_NONNULL = YES;
				CLANG_ANALYZER_NUMBER_OBJECT_CONVERSION = YES_AGGRESSIVE;
				CLANG_CXX_LANGUAGE_STANDARD = "gnu++20";
				CLANG_ENABLE_MODULES = YES;
				CLANG_ENABLE_OBJC_ARC = YES;
				CLANG_ENABLE_OBJC_WEAK = YES;
				CLANG_WARN_BLOCK_CAPTURE_AUTORELEASING = YES;
				CLANG_WARN_BOOL_CONVERSION = YES;
				CLANG_WARN_COMMA = YES;
				CLANG_WARN_CONSTANT_CONVERSION = YES;
				CLANG_WARN_DEPRECATED_OBJC_IMPLEMENTATIONS = YES;
				CLANG_WARN_DIRECT_OBJC_ISA_USAGE = YES_ERROR;
				CLANG_WARN_DOCUMENTATION_COMMENTS = YES;
				CLANG_WARN_EMPTY_BODY = YES;
				CLANG_WARN_ENUM_CONVERSION = YES;
				CLANG_WARN_INFINITE_RECURSION = YES;
				CLANG_WARN_INT_CONVERSION = YES;
				CLANG_WARN_NON_LITERAL_NULL_CONVERSION = YES;
				CLANG_WARN_OBJC_IMPLICIT_RETAIN_SELF = YES;
				CLANG_WARN_OBJC_LITERAL_CONVERSION = YES;
				CLANG_WARN_OBJC_ROOT_CLASS = YES_ERROR;
				CLANG_WARN_QUOTED_INCLUDE_IN_FRAMEWORK_HEADER = YES;
				CLANG_WARN_RANGE_LOOP_ANALYSIS = YES;
				CLANG_WARN_STRICT_PROTOTYPES = YES;
				CLANG_WARN_SUSPICIOUS_MOVE = YES;
				CLANG_WARN_UNGUARDED_AVAILABILITY = YES_AGGRESSIVE;
				CLANG_WARN_UNREACHABLE_CODE = YES;
				CLANG_WARN__DUPLICATE_METHOD_MATCH = YES;
				COPY_PHASE_STRIP = NO;
				DEBUG_INFORMATION_FORMAT = dwarf;
				ENABLE_STRICT_OBJC_MSGSEND = YES;
				ENABLE_TESTABILITY = YES;
				ENABLE_USER_SCRIPT_SANDBOXING = YES;
				GCC_C_LANGUAGE_STANDARD = gnu17;
				GCC_DYNAMIC_NO_PIC = NO;
				GCC_NO_COMMON_BLOCKS = YES;
				GCC_OPTIMIZATION_LEVEL = 0;
				GCC_PREPROCESSOR_DEFINITIONS = (
					"DEBUG=1",
					"$(inherited)",
				);
				GCC_WARN_64_TO_32_BIT_CONVERSION = YES;
				GCC_WARN_ABOUT_RETURN_TYPE = YES_ERROR;
				GCC_WARN_UNDECLARED_SELECTOR = YES;
				GCC_WARN_UNINITIALIZED_AUTOS = YES_AGGRESSIVE;
				GCC_WARN_UNUSED_FUNCTION = YES;
				GCC_WARN_UNUSED_VARIABLE = YES;
				LOCALIZATION_PREFERS_STRING_CATALOGS = YES;
				MACOSX_DEPLOYMENT_TARGET = 15.7;
				MTL_ENABLE_DEBUG_INFO = INCLUDE_SOURCE;
				MTL_FAST_MATH = YES;
				ONLY_ACTIVE_ARCH = YES;
				SDKROOT = macosx;
				SWIFT_ACTIVE_COMPILATION_CONDITIONS = "DEBUG $(inherited)";
				SWIFT_OPTIMIZATION_LEVEL = "-Onone";
			};
			name = Debug;
		};
		0031D6702FEDD95D00508292 /* Release */ = {
			isa = XCBuildConfiguration;
			buildSettings = {
				ALWAYS_SEARCH_USER_PATHS = NO;
				ASSETCATALOG_COMPILER_GENERATE_SWIFT_ASSET_SYMBOL_EXTENSIONS = YES;
				CLANG_ANALYZER_NONNULL = YES;
				CLANG_ANALYZER_NUMBER_OBJECT_CONVERSION = YES_AGGRESSIVE;
				CLANG_CXX_LANGUAGE_STANDARD = "gnu++20";
				CLANG_ENABLE_MODULES = YES;
				CLANG_ENABLE_OBJC_ARC = YES;
				CLANG_ENABLE_OBJC_WEAK = YES;
				CLANG_WARN_BLOCK_CAPTURE_AUTORELEASING = YES;
				CLANG_WARN_BOOL_CONVERSION = YES;
				CLANG_WARN_COMMA = YES;
				CLANG_WARN_CONSTANT_CONVERSION = YES;
				CLANG_WARN_DEPRECATED_OBJC_IMPLEMENTATIONS = YES;
				CLANG_WARN_DIRECT_OBJC_ISA_USAGE = YES_ERROR;
				CLANG_WARN_DOCUMENTATION_COMMENTS = YES;
				CLANG_WARN_EMPTY_BODY = YES;
				CLANG_WARN_ENUM_CONVERSION = YES;
				CLANG_WARN_INFINITE_RECURSION = YES;
				CLANG_WARN_INT_CONVERSION = YES;
				CLANG_WARN_NON_LITERAL_NULL_CONVERSION = YES;
				CLANG_WARN_OBJC_IMPLICIT_RETAIN_SELF = YES;
				CLANG_WARN_OBJC_LITERAL_CONVERSION = YES;
				CLANG_WARN_OBJC_ROOT_CLASS = YES_ERROR;
				CLANG_WARN_QUOTED_INCLUDE_IN_FRAMEWORK_HEADER = YES;
				CLANG_WARN_RANGE_LOOP_ANALYSIS = YES;
				CLANG_WARN_STRICT_PROTOTYPES = YES;
				CLANG_WARN_SUSPICIOUS_MOVE = YES;
				CLANG_WARN_UNGUARDED_AVAILABILITY = YES_AGGRESSIVE;
				CLANG_WARN_UNREACHABLE_CODE = YES;
				CLANG_WARN__DUPLICATE_METHOD_MATCH = YES;
				COPY_PHASE_STRIP = NO;
				DEBUG_INFORMATION_FORMAT = "dwarf-with-dsym";
				ENABLE_NS_ASSERTIONS = NO;
				ENABLE_STRICT_OBJC_MSGSEND = YES;
				ENABLE_USER_SCRIPT_SANDBOXING = YES;
				GCC_C_LANGUAGE_STANDARD = gnu17;
				GCC_NO_COMMON_BLOCKS = YES;
				GCC_WARN_64_TO_32_BIT_CONVERSION = YES;
				GCC_WARN_ABOUT_RETURN_TYPE = YES_ERROR;
				GCC_WARN_UNDECLARED_SELECTOR = YES;
				GCC_WARN_UNINITIALIZED_AUTOS = YES_AGGRESSIVE;
				GCC_WARN_UNUSED_FUNCTION = YES;
				GCC_WARN_UNUSED_VARIABLE = YES;
				LOCALIZATION_PREFERS_STRING_CATALOGS = YES;
				MACOSX_DEPLOYMENT_TARGET = 15.7;
				MTL_ENABLE_DEBUG_INFO = NO;
				MTL_FAST_MATH = YES;
				SDKROOT = macosx;
				SWIFT_COMPILATION_MODE = wholemodule;
			};
			name = Release;
		};
		0031D6722FEDD95D00508292 /* Debug */ = {
			isa = XCBuildConfiguration;
			buildSettings = {
				CODE_SIGN_STYLE = Automatic;
				CURRENT_PROJECT_VERSION = 1;
				ENABLE_APP_SANDBOX = YES;
				ENABLE_HARDENED_RUNTIME = YES;
				ENABLE_USER_SELECTED_FILES = readonly;
				GENERATE_INFOPLIST_FILE = YES;
				INFOPLIST_FILE = "Stash Extension/Info.plist";
				INFOPLIST_KEY_CFBundleDisplayName = "Stash Extension";
				INFOPLIST_KEY_NSHumanReadableCopyright = "";
				LD_RUNPATH_SEARCH_PATHS = (
					"$(inherited)",
					"@executable_path/../Frameworks",
					"@executable_path/../../../../Frameworks",
				);
				MACOSX_DEPLOYMENT_TARGET = 10.14;
				MARKETING_VERSION = 1.0;
				OTHER_LDFLAGS = (
					"-framework",
					SafariServices,
				);
				PRODUCT_BUNDLE_IDENTIFIER = dev.stashapp.Stash.Extension;
				PRODUCT_NAME = "$(TARGET_NAME)";
				SKIP_INSTALL = YES;
				STRING_CATALOG_GENERATE_SYMBOLS = YES;
				SWIFT_APPROACHABLE_CONCURRENCY = YES;
				SWIFT_EMIT_LOC_STRINGS = YES;
				SWIFT_UPCOMING_FEATURE_MEMBER_IMPORT_VISIBILITY = YES;
				SWIFT_VERSION = 5.0;
			};
			name = Debug;
		};
		0031D6732FEDD95D00508292 /* Release */ = {
			isa = XCBuildConfiguration;
			buildSettings = {
				CODE_SIGN_STYLE = Automatic;
				CURRENT_PROJECT_VERSION = 1;
				ENABLE_APP_SANDBOX = YES;
				ENABLE_HARDENED_RUNTIME = YES;
				ENABLE_USER_SELECTED_FILES = readonly;
				GENERATE_INFOPLIST_FILE = YES;
				INFOPLIST_FILE = "Stash Extension/Info.plist";
				INFOPLIST_KEY_CFBundleDisplayName = "Stash Extension";
				INFOPLIST_KEY_NSHumanReadableCopyright = "";
				LD_RUNPATH_SEARCH_PATHS = (
					"$(inherited)",
					"@executable_path/../Frameworks",
					"@executable_path/../../../../Frameworks",
				);
				MACOSX_DEPLOYMENT_TARGET = 10.14;
				MARKETING_VERSION = 1.0;
				OTHER_LDFLAGS = (
					"-framework",
					SafariServices,
				);
				PRODUCT_BUNDLE_IDENTIFIER = dev.stashapp.Stash.Extension;
				PRODUCT_NAME = "$(TARGET_NAME)";
				SKIP_INSTALL = YES;
				STRING_CATALOG_GENERATE_SYMBOLS = YES;
				SWIFT_APPROACHABLE_CONCURRENCY = YES;
				SWIFT_EMIT_LOC_STRINGS = YES;
				SWIFT_UPCOMING_FEATURE_MEMBER_IMPORT_VISIBILITY = YES;
				SWIFT_VERSION = 5.0;
			};
			name = Release;
		};
		0031D6762FEDD95D00508292 /* Debug */ = {
			isa = XCBuildConfiguration;
			buildSettings = {
				ASSETCATALOG_COMPILER_APPICON_NAME = AppIcon;
				ASSETCATALOG_COMPILER_GLOBAL_ACCENT_COLOR_NAME = AccentColor;
				CODE_SIGN_STYLE = Automatic;
				COMBINE_HIDPI_IMAGES = YES;
				CURRENT_PROJECT_VERSION = 1;
				ENABLE_APP_SANDBOX = YES;
				ENABLE_HARDENED_RUNTIME = YES;
				ENABLE_OUTGOING_NETWORK_CONNECTIONS = YES;
				ENABLE_USER_SELECTED_FILES = readonly;
				GENERATE_INFOPLIST_FILE = YES;
				INFOPLIST_FILE = Stash/Info.plist;
				INFOPLIST_KEY_CFBundleDisplayName = Stash;
				INFOPLIST_KEY_NSHumanReadableCopyright = "";
				INFOPLIST_KEY_NSMainStoryboardFile = Main;
				INFOPLIST_KEY_NSPrincipalClass = NSApplication;
				LD_RUNPATH_SEARCH_PATHS = (
					"$(inherited)",
					"@executable_path/../Frameworks",
				);
				MARKETING_VERSION = 1.0;
				OTHER_LDFLAGS = (
					"-framework",
					SafariServices,
					"-framework",
					WebKit,
				);
				PRODUCT_BUNDLE_IDENTIFIER = dev.stashapp.Stash;
				PRODUCT_NAME = "$(TARGET_NAME)";
				REGISTER_APP_GROUPS = YES;
				STRING_CATALOG_GENERATE_SYMBOLS = YES;
				SWIFT_APPROACHABLE_CONCURRENCY = YES;
				SWIFT_DEFAULT_ACTOR_ISOLATION = MainActor;
				SWIFT_EMIT_LOC_STRINGS = YES;
				SWIFT_UPCOMING_FEATURE_MEMBER_IMPORT_VISIBILITY = YES;
				SWIFT_VERSION = 5.0;
			};
			name = Debug;
		};
		0031D6772FEDD95D00508292 /* Release */ = {
			isa = XCBuildConfiguration;
			buildSettings = {
				ASSETCATALOG_COMPILER_APPICON_NAME = AppIcon;
				ASSETCATALOG_COMPILER_GLOBAL_ACCENT_COLOR_NAME = AccentColor;
				CODE_SIGN_STYLE = Automatic;
				COMBINE_HIDPI_IMAGES = YES;
				CURRENT_PROJECT_VERSION = 1;
				ENABLE_APP_SANDBOX = YES;
				ENABLE_HARDENED_RUNTIME = YES;
				ENABLE_OUTGOING_NETWORK_CONNECTIONS = YES;
				ENABLE_USER_SELECTED_FILES = readonly;
				GENERATE_INFOPLIST_FILE = YES;
				INFOPLIST_FILE = Stash/Info.plist;
				INFOPLIST_KEY_CFBundleDisplayName = Stash;
				INFOPLIST_KEY_NSHumanReadableCopyright = "";
				INFOPLIST_KEY_NSMainStoryboardFile = Main;
				INFOPLIST_KEY_NSPrincipalClass = NSApplication;
				LD_RUNPATH_SEARCH_PATHS = (
					"$(inherited)",
					"@executable_path/../Frameworks",
				);
				MARKETING_VERSION = 1.0;
				OTHER_LDFLAGS = (
					"-framework",
					SafariServices,
					"-framework",
					WebKit,
				);
				PRODUCT_BUNDLE_IDENTIFIER = dev.stashapp.Stash;
				PRODUCT_NAME = "$(TARGET_NAME)";
				REGISTER_APP_GROUPS = YES;
				STRING_CATALOG_GENERATE_SYMBOLS = YES;
				SWIFT_APPROACHABLE_CONCURRENCY = YES;
				SWIFT_DEFAULT_ACTOR_ISOLATION = MainActor;
				SWIFT_EMIT_LOC_STRINGS = YES;
				SWIFT_UPCOMING_FEATURE_MEMBER_IMPORT_VISIBILITY = YES;
				SWIFT_VERSION = 5.0;
			};
			name = Release;
		};
/* End XCBuildConfiguration section */

/* Begin XCConfigurationList section */
		0031D6472FEDD95C00508292 /* Build configuration list for PBXProject "Stash" */ = {
			isa = XCConfigurationList;
			buildConfigurations = (
				0031D66F2FEDD95D00508292 /* Debug */,
				0031D6702FEDD95D00508292 /* Release */,
			);
			defaultConfigurationIsVisible = 0;
			defaultConfigurationName = Release;
		};
		0031D6712FEDD95D00508292 /* Build configuration list for PBXNativeTarget "Stash Extension" */ = {
			isa = XCConfigurationList;
			buildConfigurations = (
				0031D6722FEDD95D00508292 /* Debug */,
				0031D6732FEDD95D00508292 /* Release */,
			);
			defaultConfigurationIsVisible = 0;
			defaultConfigurationName = Release;
		};
		0031D6752FEDD95D00508292 /* Build configuration list for PBXNativeTarget "Stash" */ = {
			isa = XCConfigurationList;
			buildConfigurations = (
				0031D6762FEDD95D00508292 /* Debug */,
				0031D6772FEDD95D00508292 /* Release */,
			);
			defaultConfigurationIsVisible = 0;
			defaultConfigurationName = Release;
		};
/* End XCConfigurationList section */
	};
	rootObject = 0031D6442FEDD95C00508292 /* Project object */;
}
